
Microsoft Visual Studio Solution File, Format Version 12.00
Project("{2150E333-8FDC-42A3-9474-1A3956D46DE8}") = "Core", "Core", "{9192D3F3-5E16-4E1F-BB6A-06B18ED374F6}"
EndProject
Project("{FAE04EC0-301F-11D3-BF4B-00C04F79EFBC}") = "Notes.Domain", "Notes.Domain\Notes.Domain.csproj", "{C6026E20-05B3-4998-9D04-FA5533F97463}"
EndProject
Project("{FAE04EC0-301F-11D3-BF4B-00C04F79EFBC}") = "Notes.Application", "Notes.Application\Notes.Application.csproj", "{3853F6DC-C75B-4051-9150-B1096A82FA4F}"
EndProject
Project("{2150E333-8FDC-42A3-9474-1A3956D46DE8}") = "Infrastructure", "Infrastructure", "{7836F772-793E-4628-8F08-6F82FEA865E1}"
EndProject
Project("{2150E333-8FDC-42A3-9474-1A3956D46DE8}") = "Presentation", "Presentation", "{D7F7EBB5-9F4B-458B-B3A8-9B14896A3553}"
EndProject
Project("{FAE04EC0-301F-11D3-BF4B-00C04F79EFBC}") = "Notes.WebApi", "Notes.WebApi\Notes.WebApi.csproj", "{088D62EB-3818-4A33-9865-6AB8FAF40AC9}"
EndProject
Project("{2150E333-8FDC-42A3-9474-1A3956D46DE8}") = "Tests", "Tests", "{5EADFE04-A04E-4C87-8FB9-A1286AFE14A6}"
EndProject
Project("{FAE04EC0-301F-11D3-BF4B-00C04F79EFBC}") = "Notes.Persistence", "Notes.Persistence\Notes.Persistence.csproj", "{7F854C30-44EF-4A70-948A-0B8611A05E79}"
EndProject
Global
	GlobalSection(SolutionConfigurationPlatforms) = preSolution
		Debug|Any CPU = Debug|Any CPU
		Release|Any CPU = Release|Any CPU
	EndGlobalSection
	GlobalSection(NestedProjects) = preSolution
		{C6026E20-05B3-4998-9D04-FA5533F97463} = {9192D3F3-5E16-4E1F-BB6A-06B18ED374F6}
		{3853F6DC-C75B-4051-9150-B1096A82FA4F} = {9192D3F3-5E16-4E1F-BB6A-06B18ED374F6}
		{088D62EB-3818-4A33-9865-6AB8FAF40AC9} = {D7F7EBB5-9F4B-458B-B3A8-9B14896A3553}
		{7F854C30-44EF-4A70-948A-0B8611A05E79} = {7836F772-793E-4628-8F08-6F82FEA865E1}
	EndGlobalSection
	GlobalSection(ProjectConfigurationPlatforms) = postSolution
		{C6026E20-05B3-4998-9D04-FA5533F97463}.Debug|Any CPU.ActiveCfg = Debug|Any CPU
		{C6026E20-05B3-4998-9D04-FA5533F97463}.Debug|Any CPU.Build.0 = Debug|Any CPU
		{C6026E20-05B3-4998-9D04-FA5533F97463}.Release|Any CPU.ActiveCfg = Release|Any CPU
		{C6026E20-05B3-4998-9D04-FA5533F97463}.Release|Any CPU.Build.0 = Release|Any CPU
		{3853F6DC-C75B-4051-9150-B1096A82FA4F}.Debug|Any CPU.ActiveCfg = Debug|Any CPU
		{3853F6DC-C75B-4051-9150-B1096A82FA4F}.Debug|Any CPU.Build.0 = Debug|Any CPU
		{3853F6DC-C75B-4051-9150-B1096A82FA4F}.Release|Any CPU.ActiveCfg = Release|Any CPU
		{3853F6DC-C75B-4051-9150-B1096A82FA4F}.Release|Any CPU.Build.0 = Release|Any CPU
		{088D62EB-3818-4A33-9865-6AB8FAF40AC9}.Debug|Any CPU.ActiveCfg = Debug|Any CPU
		{088D62EB-3818-4A33-9865-6AB8FAF40AC9}.Debug|Any CPU.Build.0 = Debug|Any CPU
		{088D62EB-3818-4A33-9865-6AB8FAF40AC9}.Release|Any CPU.ActiveCfg = Release|Any CPU
		{088D62EB-3818-4A33-9865-6AB8FAF40AC9}.Release|Any CPU.Build.0 = Release|Any CPU
		{7F854C30-44EF-4A70-948A-0B8611A05E79}.Debug|Any CPU.ActiveCfg = Debug|Any CPU
		{7F854C30-44EF-4A70-948A-0B8611A05E79}.Debug|Any CPU.Build.0 = Debug|Any CPU
		{7F854C30-44EF-4A70-948A-0B8611A05E79}.Release|Any CPU.ActiveCfg = Release|Any CPU
		{7F854C30-44EF-4A70-948A-0B8611A05E79}.Release|Any CPU.Build.0 = Release|Any CPU
	EndGlobalSection
EndGlobal
